
Microsoft Visual Studio Solution File, Format Version 12.00
# Visual Studio 15
VisualStudioVersion = 15.0.27428.2027
MinimumVisualStudioVersion = 10.0.40219.1
Project("{9A19103F-16F7-4668-BE54-9A1E7A4F7556}") = "UnityPerformanceBenchmarkReporter", "UnityPerformanceBenchmarkReporter\UnityPerformanceBenchmarkReporter.csproj", "{3E9C48B1-7CA9-4E55-B3EF-0EE91FF8BF37}"
EndProject
Project("{9A19103F-16F7-4668-BE54-9A1E7A4F7556}") = "UnityPerformanceBenchmarkReporterTests", "UnityPerformanceBenchmarkReporterTests\UnityPerformanceBenchmarkReporterTests.csproj", "{4BB0BB51-6DDE-4ED2-8F41-51943FA74844}"
EndProject
Global
	GlobalSection(SolutionConfigurationPlatforms) = preSolution
		Debug|Any CPU = Debug|Any CPU
		Release|Any CPU = Release|Any CPU
	EndGlobalSection
	GlobalSection(ProjectConfigurationPlatforms) = postSolution
		{3E9C48B1-7CA9-4E55-B3EF-0EE91FF8BF37}.Debug|Any CPU.ActiveCfg = Debug|Any CPU
		{3E9C48B1-7CA9-4E55-B3EF-0EE91FF8BF37}.Debug|Any CPU.Build.0 = Debug|Any CPU
		{3E9C48B1-7CA9-4E55-B3EF-0EE91FF8BF37}.Release|Any CPU.ActiveCfg = Release|Any CPU
		{3E9C48B1-7CA9-4E55-B3EF-0EE91FF8BF37}.Release|Any CPU.Build.0 = Release|Any CPU
		{4BB0BB51-6DDE-4ED2-8F41-51943FA74844}.Debug|Any CPU.ActiveCfg = Debug|Any CPU
		{4BB0BB51-6DDE-4ED2-8F41-51943FA74844}.Debug|Any CPU.Build.0 = Debug|Any CPU
		{4BB0BB51-6DDE-4ED2-8F41-51943FA74844}.Release|Any CPU.ActiveCfg = Release|Any CPU
		{4BB0BB51-6DDE-4ED2-8F41-51943FA74844}.Release|Any CPU.Build.0 = Release|Any CPU
	EndGlobalSection
	GlobalSection(SolutionProperties) = preSolution
		HideSolutionNode = FALSE
	EndGlobalSection
	GlobalSection(ExtensibilityGlobals) = postSolution
		SolutionGuid = {DB9F077A-8AD5-4C3A-84C6-1E9E4658D66F}
	EndGlobalSection
EndGlobal
